Microsoft Visual Studio Solution File, Format Version 12.00
# Visual Studio Version 17
VisualStudioVersion = 17.5.2.0
MinimumVisualStudioVersion = 10.0.40219.1
Project("{FAE04EC0-301F-11D3-BF4B-00C04F79EFBC}") = "CalculatorForm", "CalculatorForm\CalculatorForm.csproj", "{9968E4C7-A9EA-49ED-1348-2995D8234EAD}"
EndProject
Global
	GlobalSection(SolutionConfigurationPlatforms) = preSolution
		Debug|Any CPU = Debug|Any CPU
		Release|Any CPU = Release|Any CPU
	EndGlobalSection
	GlobalSection(ProjectConfigurationPlatforms) = postSolution
		{9968E4C7-A9EA-49ED-1348-2995D8234EAD}.Debug|Any CPU.ActiveCfg = Debug|Any CPU
		{9968E4C7-A9EA-49ED-1348-2995D8234EAD}.Debug|Any CPU.Build.0 = Debug|Any CPU
		{9968E4C7-A9EA-49ED-1348-2995D8234EAD}.Release|Any CPU.ActiveCfg = Release|Any CPU
		{9968E4C7-A9EA-49ED-1348-2995D8234EAD}.Release|Any CPU.Build.0 = Release|Any CPU
	EndGlobalSection
	GlobalSection(SolutionProperties) = preSolution
		HideSolutionNode = FALSE
	EndGlobalSection
	GlobalSection(ExtensibilityGlobals) = postSolution
		SolutionGuid = {51C211E6-F201-45E4-A3DA-D5A3204D8AAC}
	EndGlobalSection
EndGlobal
